
Microsoft Visual Studio Solution File, Format Version 12.00
# Visual Studio Version 17
VisualStudioVersion = 17.8.34330.188
MinimumVisualStudioVersion = 10.0.40219.1
Project("{FAE04EC0-301F-11D3-BF4B-00C04F79EFBC}") = "PasswordGenerator", "PasswordGenerator.csproj", "{1FEBB3E8-6B06-4582-B982-39732DF1681A}"
EndProject
Project("{FAE04EC0-301F-11D3-BF4B-00C04F79EFBC}") = "PasswordGeneratorTest", "..\PasswordGeneratorTest\PasswordGeneratorTest.csproj", "{B3C2ED0B-078E-407E-8707-74741AEA7908}"
EndProject
Global
	GlobalSection(SolutionConfigurationPlatforms) = preSolution
		Debug|Any CPU = Debug|Any CPU
		Release|Any CPU = Release|Any CPU
	EndGlobalSection
	GlobalSection(ProjectConfigurationPlatforms) = postSolution
		{1FEBB3E8-6B06-4582-B982-39732DF1681A}.Debug|Any CPU.ActiveCfg = Debug|Any CPU
		{1FEBB3E8-6B06-4582-B982-39732DF1681A}.Debug|Any CPU.Build.0 = Debug|Any CPU
		{1FEBB3E8-6B06-4582-B982-39732DF1681A}.Release|Any CPU.ActiveCfg = Release|Any CPU
		{1FEBB3E8-6B06-4582-B982-39732DF1681A}.Release|Any CPU.Build.0 = Release|Any CPU
		{B3C2ED0B-078E-407E-8707-74741AEA7908}.Debug|Any CPU.ActiveCfg = Debug|Any CPU
		{B3C2ED0B-078E-407E-8707-74741AEA7908}.Debug|Any CPU.Build.0 = Debug|Any CPU
		{B3C2ED0B-078E-407E-8707-74741AEA7908}.Release|Any CPU.ActiveCfg = Release|Any CPU
		{B3C2ED0B-078E-407E-8707-74741AEA7908}.Release|Any CPU.Build.0 = Release|Any CPU
	EndGlobalSection
	GlobalSection(SolutionProperties) = preSolution
		HideSolutionNode = FALSE
	EndGlobalSection
	GlobalSection(ExtensibilityGlobals) = postSolution
		SolutionGuid = {40B1DB8C-B886-4BEF-B8CE-EC8FFE1D56C9}
	EndGlobalSection
EndGlobal
